
Microsoft Visual Studio Solution File, Format Version 12.00
# Visual Studio Version 17
VisualStudioVersion = 17.5.002.0
MinimumVisualStudioVersion = 10.0.40219.1
Project("{9A19103F-16F7-4668-BE54-9A1E7A4F7556}") = "BibliotecaActividad5", "BibliotecaActividad5\BibliotecaActividad5.csproj", "{04037553-F845-4C45-98D3-156009445FF9}"
EndProject
Project("{9A19103F-16F7-4668-BE54-9A1E7A4F7556}") = "ConsolaActividad5", "ConsolaActividad5\ConsolaActividad5.csproj", "{B7BD988C-1B79-47D4-9388-CD5F3C1D7EF5}"
EndProject
Global
	GlobalSection(SolutionConfigurationPlatforms) = preSolution
		Debug|Any CPU = Debug|Any CPU
		Release|Any CPU = Release|Any CPU
	EndGlobalSection
	GlobalSection(ProjectConfigurationPlatforms) = postSolution
		{04037553-F845-4C45-98D3-156009445FF9}.Debug|Any CPU.ActiveCfg = Debug|Any CPU
		{04037553-F845-4C45-98D3-156009445FF9}.Debug|Any CPU.Build.0 = Debug|Any CPU
		{04037553-F845-4C45-98D3-156009445FF9}.Release|Any CPU.ActiveCfg = Release|Any CPU
		{04037553-F845-4C45-98D3-156009445FF9}.Release|Any CPU.Build.0 = Release|Any CPU
		{B7BD988C-1B79-47D4-9388-CD5F3C1D7EF5}.Debug|Any CPU.ActiveCfg = Debug|Any CPU
		{B7BD988C-1B79-47D4-9388-CD5F3C1D7EF5}.Debug|Any CPU.Build.0 = Debug|Any CPU
		{B7BD988C-1B79-47D4-9388-CD5F3C1D7EF5}.Release|Any CPU.ActiveCfg = Release|Any CPU
		{B7BD988C-1B79-47D4-9388-CD5F3C1D7EF5}.Release|Any CPU.Build.0 = Release|Any CPU
	EndGlobalSection
	GlobalSection(SolutionProperties) = preSolution
		HideSolutionNode = FALSE
	EndGlobalSection
	GlobalSection(ExtensibilityGlobals) = postSolution
		SolutionGuid = {B0B112C8-1272-4D5E-AA08-E6A85135DF0A}
	EndGlobalSection
EndGlobal
